dependencies:
- name: prometheus-operator
  repository: https://kubernetes-charts.storage.googleapis.com
  version: 8.14.0
- name: metrics-server
  repository: https://kubernetes-charts.storage.googleapis.com
  version: 2.11.1
- name: prometheus-adapter
  repository: https://kubernetes-charts.storage.googleapis.com
  version: 2.3.1
digest: sha256:a6590b99ec0e36a41c42b4fea9fdb956e1db0dbf72bea22fb22a9853325b8737
generated: "2020-06-10T11:39:42.7960791+03:00"
